sonata_block:
    context_manager: sonata.page.block.context_manager
    default_contexts: [cms]

    profiler:
        enabled:        %kernel.debug%
        container_types:
            sonata.page.block.container: sonata.page.block.container
        template:       SonataBlockBundle:Profiler:block.html.twig

    blocks:
        sonata.admin.block.admin_list:
            contexts:   [admin]

        sonata.block.service.text:
              cache: sonata.cache.memcached
        sonata.page.block.container:
              cache: sonata.cache.memcached
        sonata.page.block.children_pages:
              cache: sonata.cache.memcached
        sonata.block.service.rss:
              cache: sonata.cache.memcached
        sonata.media.block.media:
              cache: sonata.cache.memcached
        sonata.media.block.gallery:
              cache: sonata.cache.memcached
        sonata.media.block.feature_media:
              cache: sonata.cache.memcached

    exception:
        default:
            renderer:               inline_debug
            filter:                 keep_all
        renderers:
            inline:                 sonata.block.exception.renderer.inline
            inline_debug:           sonata.block.exception.renderer.inline_debug
            throw:                  sonata.block.exception.renderer.throw
        filters:
            debug_only:             sonata.block.exception.filter.debug_only
            ignore_block_exception: sonata.block.exception.filter.ignore_block_exception
            keep_all:               sonata.block.exception.filter.keep_all
            keep_none:              sonata.block.exception.filter.keep_none
