sonata_block:
    context_manager: sonata.page.block.context_manager
    default_contexts: [sonata_page_bundle]

    http_cache:
        listener: true

    profiler:
        enabled:        %kernel.debug%
        container_types:
            sonata.page.block.container: sonata.page.block.container
        template:       SonataBlockBundle:Profiler:block.html.twig

    blocks:
        sonata.admin.block.admin_list:
            contexts:   [admin]
        sonata.admin.block.search_result:
            contexts:   [admin]

        # Builtin Block
        sonata.block.service.text:
        sonata.block.service.rss:
        sonata.block.service.template:
        sonata.block.service.menu:

        # PageBundle's Blocks
        sonata.page.block.container:
            # cache: sonata.cache.memcached
            # cache: sonata.cache.predis
            # cache: sonata.page.cache.esi # if you are using the PageBundle
            # cache: sonata.block.cache.esi # if you are using the BlockBundle without the PageBundle
        sonata.page.block.children_pages:
        sonata.page.block.breadcrumb:
        sonata.page.block.shared_block:

        # MediaBundle's Blocks
        sonata.media.block.media:
        sonata.media.block.gallery:
        sonata.media.block.feature_media:
        rz_media.block.media_bxslider:
        rz_media.block.featured_galleries:

        # NewsBundle's Blocks
        sonata.news.block.recent_comments:
        sonata.news.block.recent_posts:
        rz_news.block.featured_posts:
        rz_news.block.tags:
        rz_news.block.post_by_collection:


        # TimelineBundle's Blocks
        sonata.timeline.block.timeline:
        sonata.timeline.block.timeline:
            contexts:   [admin]

        # UserBundle's Blocks
        sonata.user.block.account:
            contexts: [user]
        sonata.user.block.menu:
            contexts: [user]

        # SeoBundle's Blocks
        sonata.seo.block.email.share_button:
        sonata.seo.block.facebook.like_box:
        sonata.seo.block.facebook.like_button:
        sonata.seo.block.facebook.send_button:
        sonata.seo.block.facebook.share_button:
        sonata.seo.block.twitter.share_button:
        sonata.seo.block.twitter.follow_button:
        sonata.seo.block.twitter.hashtag_button:
        sonata.seo.block.twitter.mention_button:
        sonata.seo.block.pinterest.pin_button:
        rz.seo.block.facebook.share_button:
        rz.seo.block.twitter.share_button:
        rz.seo.block.pinterest.share_button:
        rz.seo.block.google.share_button:
        rz.search.block.search:
            contexts: [user]

        # Formatter
        sonata.formatter.block.formatter:

    container:
        types: [sonata.block.service.container, sonata.page.block.container]
        templates:  { 'SonataPageBundle:Block:block_container.html.twig': 'SonataPageBundle default template', 'SonataSeoBundle:Block:block_social_container.html.twig': 'SonataSeoBundle (to contain social buttons)'}

    menus:
        "ApplicationSonataPageBundle:Builder:mainMenu": "Main Menu"

    exception:
        default:
            renderer:               inline_debug
            filter:                 keep_all
        renderers:
            inline:                 sonata.block.exception.renderer.inline
            inline_debug:           sonata.block.exception.renderer.inline_debug
            throw:                  sonata.block.exception.renderer.throw
        filters:
            debug_only:             sonata.block.exception.filter.debug_only
            ignore_block_exception: sonata.block.exception.filter.ignore_block_exception
            keep_all:               sonata.block.exception.filter.keep_all
            keep_none:              sonata.block.exception.filter.keep_none
